
Microsoft Visual Studio Solution File, Format Version 12.00
# Visual Studio Version 16
VisualStudioVersion = 16.0.29102.190
MinimumVisualStudioVersion = 10.0.40219.1
Project("{9A19103F-16F7-4668-BE54-9A1E7A4F7556}") = "Mv.OrderSpecifications", "Mv.OrderSpecifications.csproj", "{3061CEEC-AA03-40FC-A279-51621BDB9502}"
EndProject
Global
	GlobalSection(SolutionConfigurationPlatforms) = preSolution
		Debug|Any CPU = Debug|Any CPU
		Release|Any CPU = Release|Any CPU
	EndGlobalSection
	GlobalSection(ProjectConfigurationPlatforms) = postSolution
		{3061CEEC-AA03-40FC-A279-51621BDB9502}.Debug|Any CPU.ActiveCfg = Debug|Any CPU
		{3061CEEC-AA03-40FC-A279-51621BDB9502}.Debug|Any CPU.Build.0 = Debug|Any CPU
		{3061CEEC-AA03-40FC-A279-51621BDB9502}.Release|Any CPU.ActiveCfg = Release|Any CPU
		{3061CEEC-AA03-40FC-A279-51621BDB9502}.Release|Any CPU.Build.0 = Release|Any CPU
	EndGlobalSection
	GlobalSection(SolutionProperties) = preSolution
		HideSolutionNode = FALSE
	EndGlobalSection
	GlobalSection(ExtensibilityGlobals) = postSolution
		SolutionGuid = {CEC42887-15E1-4B1C-B674-EB69E86181E4}
	EndGlobalSection
EndGlobal
